
Microsoft Visual Studio Solution File, Format Version 12.00
# Visual Studio Version 17
VisualStudioVersion = 17.0.31612.314
MinimumVisualStudioVersion = 10.0.40219.1
Project("{FAE04EC0-301F-11D3-BF4B-00C04F79EFBC}") = "NUnit.Experimental.Hardcoded.TestAdapter", "NUnit.Experimental.Hardcoded.TestAdapter\NUnit.Experimental.Hardcoded.TestAdapter.csproj", "{8EED4C3B-C18A-4B27-8108-0543260C703D}"
EndProject
Global
	GlobalSection(SolutionConfigurationPlatforms) = preSolution
		Debug|Any CPU = Debug|Any CPU
		Release|Any CPU = Release|Any CPU
	EndGlobalSection
	GlobalSection(ProjectConfigurationPlatforms) = postSolution
		{8EED4C3B-C18A-4B27-8108-0543260C703D}.Debug|Any CPU.ActiveCfg = Debug|Any CPU
		{8EED4C3B-C18A-4B27-8108-0543260C703D}.Debug|Any CPU.Build.0 = Debug|Any CPU
		{8EED4C3B-C18A-4B27-8108-0543260C703D}.Release|Any CPU.ActiveCfg = Release|Any CPU
		{8EED4C3B-C18A-4B27-8108-0543260C703D}.Release|Any CPU.Build.0 = Release|Any CPU
	EndGlobalSection
	GlobalSection(SolutionProperties) = preSolution
		HideSolutionNode = FALSE
	EndGlobalSection
	GlobalSection(ExtensibilityGlobals) = postSolution
		SolutionGuid = {330DA07D-EF80-4515-9489-C4E3ED85D90D}
	EndGlobalSection
EndGlobal
